
Microsoft Visual Studio Solution File, Format Version 12.00
# Visual Studio 14
VisualStudioVersion = 14.0.22310.1
MinimumVisualStudioVersion = 10.0.40219.1
Project("{FAE04EC0-301F-11D3-BF4B-00C04F79EFBC}") = "Null Conditional Operator", "Null Conditional Operator.csproj", "{CB9E1B94-9D14-40E8-8DB1-83D5DE850C00}"
EndProject
Project("{FAE04EC0-301F-11D3-BF4B-00C04F79EFBC}") = "Null Conditional Operator With Delegates", "..\Null Conditional Operator With Delegates\Null Conditional Operator With Delegates.csproj", "{6647505C-2798-4730-BFDC-1E5443CA8ADA}"
EndProject
Global
	GlobalSection(SolutionConfigurationPlatforms) = preSolution
		Debug|Any CPU = Debug|Any CPU
		Release|Any CPU = Release|Any CPU
	EndGlobalSection
	GlobalSection(ProjectConfigurationPlatforms) = postSolution
		{CB9E1B94-9D14-40E8-8DB1-83D5DE850C00}.Debug|Any CPU.ActiveCfg = Debug|Any CPU
		{CB9E1B94-9D14-40E8-8DB1-83D5DE850C00}.Debug|Any CPU.Build.0 = Debug|Any CPU
		{CB9E1B94-9D14-40E8-8DB1-83D5DE850C00}.Release|Any CPU.ActiveCfg = Release|Any CPU
		{CB9E1B94-9D14-40E8-8DB1-83D5DE850C00}.Release|Any CPU.Build.0 = Release|Any CPU
		{6647505C-2798-4730-BFDC-1E5443CA8ADA}.Debug|Any CPU.ActiveCfg = Debug|Any CPU
		{6647505C-2798-4730-BFDC-1E5443CA8ADA}.Debug|Any CPU.Build.0 = Debug|Any CPU
		{6647505C-2798-4730-BFDC-1E5443CA8ADA}.Release|Any CPU.ActiveCfg = Release|Any CPU
		{6647505C-2798-4730-BFDC-1E5443CA8ADA}.Release|Any CPU.Build.0 = Release|Any CPU
	EndGlobalSection
	GlobalSection(SolutionProperties) = preSolution
		HideSolutionNode = FALSE
	EndGlobalSection
EndGlobal
