
Microsoft Visual Studio Solution File, Format Version 12.00
# Visual Studio 2012
Project("{2150E333-8FDC-42A3-9474-1A3956D46DE8}") = "Single Responsibility Principle", "Single Responsibility Principle", "{9B1FD868-686B-4221-AFF9-60367687EC9B}"
EndProject
Project("{FAE04EC0-301F-11D3-BF4B-00C04F79EFBC}") = "SRP", "01 - Single Responsibility Principle\Code\SRP\SRP.csproj", "{752B70DD-49A6-43C7-A4FD-ACA2319DF124}"
EndProject
Global
	GlobalSection(SolutionConfigurationPlatforms) = preSolution
		Debug|Any CPU = Debug|Any CPU
		Release|Any CPU = Release|Any CPU
	EndGlobalSection
	GlobalSection(ProjectConfigurationPlatforms) = postSolution
		{752B70DD-49A6-43C7-A4FD-ACA2319DF124}.Debug|Any CPU.ActiveCfg = Debug|Any CPU
		{752B70DD-49A6-43C7-A4FD-ACA2319DF124}.Debug|Any CPU.Build.0 = Debug|Any CPU
		{752B70DD-49A6-43C7-A4FD-ACA2319DF124}.Release|Any CPU.ActiveCfg = Release|Any CPU
		{752B70DD-49A6-43C7-A4FD-ACA2319DF124}.Release|Any CPU.Build.0 = Release|Any CPU
	EndGlobalSection
	GlobalSection(SolutionProperties) = preSolution
		HideSolutionNode = FALSE
	EndGlobalSection
	GlobalSection(NestedProjects) = preSolution
		{752B70DD-49A6-43C7-A4FD-ACA2319DF124} = {9B1FD868-686B-4221-AFF9-60367687EC9B}
	EndGlobalSection
EndGlobal
