
Microsoft Visual Studio Solution File, Format Version 12.00
# Visual Studio 2012
Project("{FAE04EC0-301F-11D3-BF4B-00C04F79EFBC}") = "ConsoleApp", "ConsoleApp\ConsoleApp.csproj", "{18C42142-453A-40F1-8CF8-7FC56E2CBC9A}"
EndProject
Project("{FAE04EC0-301F-11D3-BF4B-00C04F79EFBC}") = "WebApp", "WebApp\WebApp.csproj", "{45BBAD79-7CA8-4226-ADD9-F3138DACAB0A}"
EndProject
Global
	GlobalSection(SolutionConfigurationPlatforms) = preSolution
		Debug|Any CPU = Debug|Any CPU
		Release|Any CPU = Release|Any CPU
	EndGlobalSection
	GlobalSection(ProjectConfigurationPlatforms) = postSolution
		{18C42142-453A-40F1-8CF8-7FC56E2CBC9A}.Debug|Any CPU.ActiveCfg = Debug|Any CPU
		{18C42142-453A-40F1-8CF8-7FC56E2CBC9A}.Debug|Any CPU.Build.0 = Debug|Any CPU
		{18C42142-453A-40F1-8CF8-7FC56E2CBC9A}.Release|Any CPU.ActiveCfg = Release|Any CPU
		{18C42142-453A-40F1-8CF8-7FC56E2CBC9A}.Release|Any CPU.Build.0 = Release|Any CPU
		{45BBAD79-7CA8-4226-ADD9-F3138DACAB0A}.Debug|Any CPU.ActiveCfg = Debug|Any CPU
		{45BBAD79-7CA8-4226-ADD9-F3138DACAB0A}.Debug|Any CPU.Build.0 = Debug|Any CPU
		{45BBAD79-7CA8-4226-ADD9-F3138DACAB0A}.Release|Any CPU.ActiveCfg = Release|Any CPU
		{45BBAD79-7CA8-4226-ADD9-F3138DACAB0A}.Release|Any CPU.Build.0 = Release|Any CPU
	EndGlobalSection
	GlobalSection(SolutionProperties) = preSolution
		HideSolutionNode = FALSE
	EndGlobalSection
EndGlobal
